// !$*UTF8*$!
{ archiveVersion = 1; classes = {}; objectVersion = 60; objects = {
000000000000000000000064 = { isa = XCRemoteSwiftPackageReference; repositoryURL = "https://github.com/rudderlabs/experimental-rudder-sdk-swift-spm-test.git"; requirement = { kind = exactVersion; version = 0.1.0; }; };
0000000000000000000000C8 = { isa = XCSwiftPackageProductDependency; package = 000000000000000000000064; productName = DemoSDK; };
00000000000000000000012C = { isa = PBXBuildFile; productRef = 0000000000000000000000C8; };
000000000000000000000065 = { isa = XCRemoteSwiftPackageReference; repositoryURL = "https://github.com/rudderlabs/experimental-integration-swift-sprig-spm-test.git"; requirement = { kind = exactVersion; version = 0.1.0; }; };
0000000000000000000000C9 = { isa = XCSwiftPackageProductDependency; package = 000000000000000000000065; productName = DemoSprig; };
00000000000000000000012D = { isa = PBXBuildFile; productRef = 0000000000000000000000C9; };
000000000000000000000066 = { isa = XCRemoteSwiftPackageReference; repositoryURL = "https://github.com/rudderlabs/experimental-integration-swift-firebase-spm-test.git"; requirement = { kind = exactVersion; version = 0.1.0; }; };
0000000000000000000000CA = { isa = XCSwiftPackageProductDependency; package = 000000000000000000000066; productName = DemoFirebase; };
00000000000000000000012E = { isa = PBXBuildFile; productRef = 0000000000000000000000CA; };
000000000000000000000001 = { isa = PBXProject; attributes = { LastUpgradeCheck = 2600; }; buildConfigurationList = 00000000000000000000000A; compatibilityVersion = "Xcode 14.0"; developmentRegion = en; knownRegions = (en, Base); mainGroup = 000000000000000000000002; productRefGroup = 000000000000000000000003; projectDirPath = ""; projectRoot = ""; targets = (000000000000000000000004); packageReferences = (000000000000000000000064, 000000000000000000000065, 000000000000000000000066); };
000000000000000000000002 = { isa = PBXGroup; children = (000000000000000000000005, 000000000000000000000003); sourceTree = "<group>"; };
000000000000000000000003 = { isa = PBXGroup; children = (000000000000000000000006); name = Products; sourceTree = "<group>"; };
000000000000000000000004 = { isa = PBXNativeTarget; buildConfigurationList = 00000000000000000000000B; buildPhases = (000000000000000000000007, 000000000000000000000008, 000000000000000000000009); buildRules = (); dependencies = (); name = PublicationDemo; productName = PublicationDemo; productReference = 000000000000000000000006; productType = "com.apple.product-type.application"; packageProductDependencies = (0000000000000000000000C8, 0000000000000000000000C9, 0000000000000000000000CA); };
000000000000000000000005 = { isa = PBXFileReference; lastKnownFileType = sourcecode.swift; path = iOS/PublicationDemoApp.swift; sourceTree = "<group>"; };
000000000000000000000006 = { isa = PBXFileReference; explicitFileType = wrapper.application; includeInIndex = 0; path = PublicationDemo.app; sourceTree = BUILT_PRODUCTS_DIR; };
000000000000000000000007 = { isa = PBXSourcesBuildPhase; buildActionMask = 2147483647; files = (00000000000000000000000E); runOnlyForDeploymentPostprocessing = 0; };
000000000000000000000008 = { isa = PBXFrameworksBuildPhase; buildActionMask = 2147483647; files = (00000000000000000000012C, 00000000000000000000012D, 00000000000000000000012E); runOnlyForDeploymentPostprocessing = 0; };
000000000000000000000009 = { isa = PBXResourcesBuildPhase; buildActionMask = 2147483647; files = (); runOnlyForDeploymentPostprocessing = 0; };
00000000000000000000000A = { isa = XCConfigurationList; buildConfigurations = (00000000000000000000000F, 000000000000000000000010); defaultConfigurationIsVisible = 0; defaultConfigurationName = Release; };
00000000000000000000000B = { isa = XCConfigurationList; buildConfigurations = (000000000000000000000011, 000000000000000000000012); defaultConfigurationIsVisible = 0; defaultConfigurationName = Release; };
00000000000000000000000E = { isa = PBXBuildFile; fileRef = 000000000000000000000005; };
00000000000000000000000F = { isa = XCBuildConfiguration; buildSettings = { SDKROOT = iphoneos; IPHONEOS_DEPLOYMENT_TARGET = 16.0; SWIFT_VERSION = 5.0; CLANG_ENABLE_MODULES = YES; }; name = Debug; };
000000000000000000000010 = { isa = XCBuildConfiguration; buildSettings = { SDKROOT = iphoneos; IPHONEOS_DEPLOYMENT_TARGET = 16.0; SWIFT_VERSION = 5.0; CLANG_ENABLE_MODULES = YES; }; name = Release; };
000000000000000000000011 = { isa = XCBuildConfiguration; buildSettings = { GENERATE_INFOPLIST_FILE = YES; INFOPLIST_KEY_UILaunchScreen_Generation = YES; INFOPLIST_KEY_UIApplicationSceneManifest_Generation = YES; PRODUCT_BUNDLE_IDENTIFIER = com.rudderstack.experimental.spmpublish; PRODUCT_NAME = "$(TARGET_NAME)"; CURRENT_PROJECT_VERSION = 1; MARKETING_VERSION = 0.1.0; CODE_SIGN_STYLE = Automatic; TARGETED_DEVICE_FAMILY = "1,2"; SWIFT_OPTIMIZATION_LEVEL = "-Onone"; }; name = Debug; };
000000000000000000000012 = { isa = XCBuildConfiguration; buildSettings = { GENERATE_INFOPLIST_FILE = YES; INFOPLIST_KEY_UILaunchScreen_Generation = YES; INFOPLIST_KEY_UIApplicationSceneManifest_Generation = YES; PRODUCT_BUNDLE_IDENTIFIER = com.rudderstack.experimental.spmpublish; PRODUCT_NAME = "$(TARGET_NAME)"; CURRENT_PROJECT_VERSION = 1; MARKETING_VERSION = 0.1.0; CODE_SIGN_STYLE = Automatic; TARGETED_DEVICE_FAMILY = "1,2"; SWIFT_OPTIMIZATION_LEVEL = "-O"; }; name = Release; };
}; rootObject = 000000000000000000000001; }
